
Microsoft Visual Studio Solution File, Format Version 12.00
# Visual Studio Version 17
VisualStudioVersion = 17.3.32819.101
MinimumVisualStudioVersion = 10.0.40219.1
Project("{FAE04EC0-301F-11D3-BF4B-00C04F79EFBC}") = "2011064952_PhungVIetNguyen", "2011064952_PhungVIetNguyen\2011064952_PhungVIetNguyen.csproj", "{0EB4F4F9-09DA-4460-B2DD-5027F2A69057}"
EndProject
Global
	GlobalSection(SolutionConfigurationPlatforms) = preSolution
		Debug|Any CPU = Debug|Any CPU
		Release|Any CPU = Release|Any CPU
	EndGlobalSection
	GlobalSection(ProjectConfigurationPlatforms) = postSolution
		{0EB4F4F9-09DA-4460-B2DD-5027F2A69057}.Debug|Any CPU.ActiveCfg = Debug|Any CPU
		{0EB4F4F9-09DA-4460-B2DD-5027F2A69057}.Debug|Any CPU.Build.0 = Debug|Any CPU
		{0EB4F4F9-09DA-4460-B2DD-5027F2A69057}.Release|Any CPU.ActiveCfg = Release|Any CPU
		{0EB4F4F9-09DA-4460-B2DD-5027F2A69057}.Release|Any CPU.Build.0 = Release|Any CPU
	EndGlobalSection
	GlobalSection(SolutionProperties) = preSolution
		HideSolutionNode = FALSE
	EndGlobalSection
	GlobalSection(ExtensibilityGlobals) = postSolution
		SolutionGuid = {F6816E71-9909-40BE-BB7F-70DE25EA9874}
	EndGlobalSection
EndGlobal
